
Microsoft Visual Studio Solution File, Format Version 12.00
# Visual Studio Version 16
VisualStudioVersion = 16.0.29920.165
MinimumVisualStudioVersion = 10.0.40219.1
Project("{FAE04EC0-301F-11D3-BF4B-00C04F79EFBC}") = "ChocolateBoxesRawaa", "ChocolateBoxesRawaa\ChocolateBoxesRawaa.csproj", "{85003489-DF8A-4732-ABCA-0D27D6E4CE59}"
EndProject
Global
	GlobalSection(SolutionConfigurationPlatforms) = preSolution
		Debug|Any CPU = Debug|Any CPU
		Release|Any CPU = Release|Any CPU
	EndGlobalSection
	GlobalSection(ProjectConfigurationPlatforms) = postSolution
		{85003489-DF8A-4732-ABCA-0D27D6E4CE59}.Debug|Any CPU.ActiveCfg = Debug|Any CPU
		{85003489-DF8A-4732-ABCA-0D27D6E4CE59}.Debug|Any CPU.Build.0 = Debug|Any CPU
		{85003489-DF8A-4732-ABCA-0D27D6E4CE59}.Release|Any CPU.ActiveCfg = Release|Any CPU
		{85003489-DF8A-4732-ABCA-0D27D6E4CE59}.Release|Any CPU.Build.0 = Release|Any CPU
	EndGlobalSection
	GlobalSection(SolutionProperties) = preSolution
		HideSolutionNode = FALSE
	EndGlobalSection
	GlobalSection(ExtensibilityGlobals) = postSolution
		SolutionGuid = {7A838B4F-F983-43BD-9533-6FF66BF0A924}
	EndGlobalSection
EndGlobal
