
Microsoft Visual Studio Solution File, Format Version 12.00
# Visual Studio Version 16
VisualStudioVersion = 16.0.29920.165
MinimumVisualStudioVersion = 10.0.40219.1
Project("{FAE04EC0-301F-11D3-BF4B-00C04F79EFBC}") = "RandomNumberRawaa", "RandomNumberRawaa\RandomNumberRawaa.csproj", "{7AE14CC3-7D23-4712-8122-205562573223}"
EndProject
Global
	GlobalSection(SolutionConfigurationPlatforms) = preSolution
		Debug|Any CPU = Debug|Any CPU
		Release|Any CPU = Release|Any CPU
	EndGlobalSection
	GlobalSection(ProjectConfigurationPlatforms) = postSolution
		{7AE14CC3-7D23-4712-8122-205562573223}.Debug|Any CPU.ActiveCfg = Debug|Any CPU
		{7AE14CC3-7D23-4712-8122-205562573223}.Debug|Any CPU.Build.0 = Debug|Any CPU
		{7AE14CC3-7D23-4712-8122-205562573223}.Release|Any CPU.ActiveCfg = Release|Any CPU
		{7AE14CC3-7D23-4712-8122-205562573223}.Release|Any CPU.Build.0 = Release|Any CPU
	EndGlobalSection
	GlobalSection(SolutionProperties) = preSolution
		HideSolutionNode = FALSE
	EndGlobalSection
	GlobalSection(ExtensibilityGlobals) = postSolution
		SolutionGuid = {5C670A97-244E-4C31-83F2-65FF359A0C13}
	EndGlobalSection
EndGlobal
