
Microsoft Visual Studio Solution File, Format Version 12.00
# Visual Studio Version 16
VisualStudioVersion = 16.0.29920.165
MinimumVisualStudioVersion = 10.0.40219.1
Project("{FAE04EC0-301F-11D3-BF4B-00C04F79EFBC}") = "SumOfNumbersRawaa", "SumOfNumbersRawaa\SumOfNumbersRawaa.csproj", "{6E186BE6-5304-489C-8143-6190632A854D}"
EndProject
Global
	GlobalSection(SolutionConfigurationPlatforms) = preSolution
		Debug|Any CPU = Debug|Any CPU
		Release|Any CPU = Release|Any CPU
	EndGlobalSection
	GlobalSection(ProjectConfigurationPlatforms) = postSolution
		{6E186BE6-5304-489C-8143-6190632A854D}.Debug|Any CPU.ActiveCfg = Debug|Any CPU
		{6E186BE6-5304-489C-8143-6190632A854D}.Debug|Any CPU.Build.0 = Debug|Any CPU
		{6E186BE6-5304-489C-8143-6190632A854D}.Release|Any CPU.ActiveCfg = Release|Any CPU
		{6E186BE6-5304-489C-8143-6190632A854D}.Release|Any CPU.Build.0 = Release|Any CPU
	EndGlobalSection
	GlobalSection(SolutionProperties) = preSolution
		HideSolutionNode = FALSE
	EndGlobalSection
	GlobalSection(ExtensibilityGlobals) = postSolution
		SolutionGuid = {6CC32912-4C68-4048-8FA9-0A3A53A583B6}
	EndGlobalSection
EndGlobal
