
Microsoft Visual Studio Solution File, Format Version 12.00
# Visual Studio Version 16
VisualStudioVersion = 16.0.29920.165
MinimumVisualStudioVersion = 10.0.40219.1
Project("{FAE04EC0-301F-11D3-BF4B-00C04F79EFBC}") = "FactorialDoWhileRawaa", "FactorialDoWhileRawaa\FactorialDoWhileRawaa.csproj", "{214158B4-064F-4DD7-B0BD-FC062DC6C92E}"
EndProject
Global
	GlobalSection(SolutionConfigurationPlatforms) = preSolution
		Debug|Any CPU = Debug|Any CPU
		Release|Any CPU = Release|Any CPU
	EndGlobalSection
	GlobalSection(ProjectConfigurationPlatforms) = postSolution
		{214158B4-064F-4DD7-B0BD-FC062DC6C92E}.Debug|Any CPU.ActiveCfg = Debug|Any CPU
		{214158B4-064F-4DD7-B0BD-FC062DC6C92E}.Debug|Any CPU.Build.0 = Debug|Any CPU
		{214158B4-064F-4DD7-B0BD-FC062DC6C92E}.Release|Any CPU.ActiveCfg = Release|Any CPU
		{214158B4-064F-4DD7-B0BD-FC062DC6C92E}.Release|Any CPU.Build.0 = Release|Any CPU
	EndGlobalSection
	GlobalSection(SolutionProperties) = preSolution
		HideSolutionNode = FALSE
	EndGlobalSection
	GlobalSection(ExtensibilityGlobals) = postSolution
		SolutionGuid = {30690B83-103B-4736-81A0-FAB374C30E21}
	EndGlobalSection
EndGlobal
