
Microsoft Visual Studio Solution File, Format Version 12.00
# Visual Studio Version 16
VisualStudioVersion = 16.0.29920.165
MinimumVisualStudioVersion = 10.0.40219.1
Project("{FAE04EC0-301F-11D3-BF4B-00C04F79EFBC}") = "PizzaOrderRawaa", "PizzaOrderRawaa\PizzaOrderRawaa.csproj", "{971DE5D2-C624-427D-B4F4-1B06E6665EBB}"
EndProject
Global
	GlobalSection(SolutionConfigurationPlatforms) = preSolution
		Debug|Any CPU = Debug|Any CPU
		Release|Any CPU = Release|Any CPU
	EndGlobalSection
	GlobalSection(ProjectConfigurationPlatforms) = postSolution
		{971DE5D2-C624-427D-B4F4-1B06E6665EBB}.Debug|Any CPU.ActiveCfg = Debug|Any CPU
		{971DE5D2-C624-427D-B4F4-1B06E6665EBB}.Debug|Any CPU.Build.0 = Debug|Any CPU
		{971DE5D2-C624-427D-B4F4-1B06E6665EBB}.Release|Any CPU.ActiveCfg = Release|Any CPU
		{971DE5D2-C624-427D-B4F4-1B06E6665EBB}.Release|Any CPU.Build.0 = Release|Any CPU
	EndGlobalSection
	GlobalSection(SolutionProperties) = preSolution
		HideSolutionNode = FALSE
	EndGlobalSection
	GlobalSection(ExtensibilityGlobals) = postSolution
		SolutionGuid = {5A0FBE23-2A63-40F7-9025-95EF3061BD8C}
	EndGlobalSection
EndGlobal
