
Microsoft Visual Studio Solution File, Format Version 12.00
# Visual Studio Version 16
VisualStudioVersion = 16.0.29920.165
MinimumVisualStudioVersion = 10.0.40219.1
Project("{FAE04EC0-301F-11D3-BF4B-00C04F79EFBC}") = "WalkingManRawaa", "WalkingManRawaa\WalkingManRawaa.csproj", "{D63FEA5F-93D5-4E9B-9497-C697A9C6276D}"
EndProject
Global
	GlobalSection(SolutionConfigurationPlatforms) = preSolution
		Debug|Any CPU = Debug|Any CPU
		Release|Any CPU = Release|Any CPU
	EndGlobalSection
	GlobalSection(ProjectConfigurationPlatforms) = postSolution
		{D63FEA5F-93D5-4E9B-9497-C697A9C6276D}.Debug|Any CPU.ActiveCfg = Debug|Any CPU
		{D63FEA5F-93D5-4E9B-9497-C697A9C6276D}.Debug|Any CPU.Build.0 = Debug|Any CPU
		{D63FEA5F-93D5-4E9B-9497-C697A9C6276D}.Release|Any CPU.ActiveCfg = Release|Any CPU
		{D63FEA5F-93D5-4E9B-9497-C697A9C6276D}.Release|Any CPU.Build.0 = Release|Any CPU
	EndGlobalSection
	GlobalSection(SolutionProperties) = preSolution
		HideSolutionNode = FALSE
	EndGlobalSection
	GlobalSection(ExtensibilityGlobals) = postSolution
		SolutionGuid = {37DAE019-240F-4B5C-9AFB-37940EC31DDD}
	EndGlobalSection
EndGlobal
