
Microsoft Visual Studio Solution File, Format Version 12.00
# Visual Studio Version 16
VisualStudioVersion = 16.0.29920.165
MinimumVisualStudioVersion = 10.0.40219.1
Project("{FAE04EC0-301F-11D3-BF4B-00C04F79EFBC}") = "PerfectSquareWithWhileLoopRawaa", "PerfectSquareWithWhileLoopRawaa\PerfectSquareWithWhileLoopRawaa.csproj", "{29E6417A-312A-440D-A8C6-A952BD994DE0}"
EndProject
Global
	GlobalSection(SolutionConfigurationPlatforms) = preSolution
		Debug|Any CPU = Debug|Any CPU
		Release|Any CPU = Release|Any CPU
	EndGlobalSection
	GlobalSection(ProjectConfigurationPlatforms) = postSolution
		{29E6417A-312A-440D-A8C6-A952BD994DE0}.Debug|Any CPU.ActiveCfg = Debug|Any CPU
		{29E6417A-312A-440D-A8C6-A952BD994DE0}.Debug|Any CPU.Build.0 = Debug|Any CPU
		{29E6417A-312A-440D-A8C6-A952BD994DE0}.Release|Any CPU.ActiveCfg = Release|Any CPU
		{29E6417A-312A-440D-A8C6-A952BD994DE0}.Release|Any CPU.Build.0 = Release|Any CPU
	EndGlobalSection
	GlobalSection(SolutionProperties) = preSolution
		HideSolutionNode = FALSE
	EndGlobalSection
	GlobalSection(ExtensibilityGlobals) = postSolution
		SolutionGuid = {7F8D27B3-DAB5-4700-9858-69A82C8D277A}
	EndGlobalSection
EndGlobal
